// !$*UTF8*$!
{
	archiveVersion = 1;
	classes = {
	};
	objectVersion = 42;
	objects = {

/* Begin PBXBuildFile section */
		3C4E92FD0E78631D00FCD2CE /* SRCDigitalOut.m in Sources */ = {isa = PBXBuildFile; fileRef = 3C4E92FC0E78631D00FCD2CE /* SRCDigitalOut.m */; };
		3C9F233B0DB01ACD0058A0EE /* SRContrast.nib in Resources */ = {isa = PBXBuildFile; fileRef = 3C9F233A0DB01ACD0058A0EE /* SRContrast.nib */; };
		695982D1080209EB0090B9A6 /* SRCFixGraceState.h in Resources */ = {isa = PBXBuildFile; fileRef = 695982CF080209EB0090B9A6 /* SRCFixGraceState.h */; };
		695982D2080209EB0090B9A6 /* SRCFixGraceState.m in Sources */ = {isa = PBXBuildFile; fileRef = 695982D0080209EB0090B9A6 /* SRCFixGraceState.m */; };
		695C12F709B108880021A27D /* SRCPreCueState.m in Sources */ = {isa = PBXBuildFile; fileRef = 695C12F609B108880021A27D /* SRCPreCueState.m */; };
		695C12FC09B108970021A27D /* SRCCueState.m in Sources */ = {isa = PBXBuildFile; fileRef = 695C12FB09B108970021A27D /* SRCCueState.m */; };
		69BDCE44098BD2CA00578E91 /* SRCSpikeController.m in Sources */ = {isa = PBXBuildFile; fileRef = 69F13A6004716CF400F95509 /* SRCSpikeController.m */; };
		69E24E1B07A5C25A00DDC096 /* SRContrast.h in Resources */ = {isa = PBXBuildFile; fileRef = 69E247C907A5562500DDC096 /* SRContrast.h */; };
		69E24E1C07A5C25B00DDC096 /* SRContrast.m in Sources */ = {isa = PBXBuildFile; fileRef = 69E247CA07A5562500DDC096 /* SRContrast.m */; };
		69E24E1E07A5C25E00DDC096 /* SRCStimuli.h in Resources */ = {isa = PBXBuildFile; fileRef = 69EAD86F04352E4F00F95509 /* SRCStimuli.h */; };
		69E24E1F07A5C25F00DDC096 /* SRCStimuli.m in Sources */ = {isa = PBXBuildFile; fileRef = 69EAD87004352E4F00F95509 /* SRCStimuli.m */; };
		69E24E2107A5C27000DDC096 /* SRCBehaviorController.h in Resources */ = {isa = PBXBuildFile; fileRef = 690B798D047ADA9F00A80164 /* SRCBehaviorController.h */; };
		69E24E2207A5C27100DDC096 /* SRCBehaviorController.m in Sources */ = {isa = PBXBuildFile; fileRef = 690B798E047ADA9F00A80164 /* SRCBehaviorController.m */; };
		69E24E2307A5C27200DDC096 /* SRCEyeXYController.h in Resources */ = {isa = PBXBuildFile; fileRef = 69E96F8D0472CC5C00F95509 /* SRCEyeXYController.h */; };
		69E24E2407A5C27200DDC096 /* SRCEyeXYController.m in Sources */ = {isa = PBXBuildFile; fileRef = 69E96F8E0472CC5C00F95509 /* SRCEyeXYController.m */; };
		69E24E2507A5C27300DDC096 /* SRCSpikeController.h in Resources */ = {isa = PBXBuildFile; fileRef = 69F13A5F04716CF400F95509 /* SRCSpikeController.h */; };
		69E24E2707A5C27400DDC096 /* SRCSummaryController.h in Resources */ = {isa = PBXBuildFile; fileRef = 69B9AE720482FBDD00F95509 /* SRCSummaryController.h */; };
		69E24E2807A5C27600DDC096 /* SRCSummaryController.m in Sources */ = {isa = PBXBuildFile; fileRef = 69B9AE730482FBDD00F95509 /* SRCSummaryController.m */; };
		69E24E2907A5C27700DDC096 /* SRCXTController.h in Resources */ = {isa = PBXBuildFile; fileRef = 69B5A7CA0471DBA300F95509 /* SRCXTController.h */; };
		69E24E2A07A5C27800DDC096 /* SRCXTController.m in Sources */ = {isa = PBXBuildFile; fileRef = 69B5A7CB0471DBA300F95509 /* SRCXTController.m */; };
		69E24E2D07A5C29700DDC096 /* SRCStateSystem.h in Resources */ = {isa = PBXBuildFile; fileRef = 694879F10486AA2000FE06D7 /* SRCStateSystem.h */; };
		69E24E2E07A5C29800DDC096 /* SRCStateSystem.m in Sources */ = {isa = PBXBuildFile; fileRef = 694879F20486AA2000FE06D7 /* SRCStateSystem.m */; };
		69E24E2F07A5C29900DDC096 /* SRCBlockedState.h in Resources */ = {isa = PBXBuildFile; fileRef = 69E8A0480486D97300FE06D7 /* SRCBlockedState.h */; };
		69E24E3007A5C29A00DDC096 /* SRCBlockedState.m in Sources */ = {isa = PBXBuildFile; fileRef = 69E8A0490486D97300FE06D7 /* SRCBlockedState.m */; };
		69E24E3107A5C29B00DDC096 /* SRCEndtrialState.h in Resources */ = {isa = PBXBuildFile; fileRef = 69E8A0400486D3B700FE06D7 /* SRCEndtrialState.h */; };
		69E24E3207A5C29B00DDC096 /* SRCEndtrialState.m in Sources */ = {isa = PBXBuildFile; fileRef = 69E8A0410486D3B700FE06D7 /* SRCEndtrialState.m */; };
		69E24E3307A5C29C00DDC096 /* SRCFixonState.h in Resources */ = {isa = PBXBuildFile; fileRef = 69E8A04C0486DB1300FE06D7 /* SRCFixonState.h */; };
		69E24E3407A5C29D00DDC096 /* SRCFixonState.m in Sources */ = {isa = PBXBuildFile; fileRef = 69E8A04D0486DB1300FE06D7 /* SRCFixonState.m */; };
		69E24E3707A5C29F00DDC096 /* SRCIdleState.h in Resources */ = {isa = PBXBuildFile; fileRef = 694879FD0486B06A00FE06D7 /* SRCIdleState.h */; };
		69E24E3807A5C2A000DDC096 /* SRCIdleState.m in Sources */ = {isa = PBXBuildFile; fileRef = 694879FE0486B06A00FE06D7 /* SRCIdleState.m */; };
		69E24E3907A5C2A000DDC096 /* SRCIntertrialState.h in Resources */ = {isa = PBXBuildFile; fileRef = 6983253D0486BE9600FE06D7 /* SRCIntertrialState.h */; };
		69E24E3A07A5C2A100DDC096 /* SRCIntertrialState.m in Sources */ = {isa = PBXBuildFile; fileRef = 6983253E0486BE9600FE06D7 /* SRCIntertrialState.m */; };
		69E24E3B07A5C2A200DDC096 /* SRCStimulate.h in Resources */ = {isa = PBXBuildFile; fileRef = 69E8A05C0486F0A700FE06D7 /* SRCStimulate.h */; };
		69E24E3C07A5C2A300DDC096 /* SRCStimulate.m in Sources */ = {isa = PBXBuildFile; fileRef = 69E8A05D0486F0A700FE06D7 /* SRCStimulate.m */; };
		69E24E4107A5C2AA00DDC096 /* SRCPrestimState.h in Resources */ = {isa = PBXBuildFile; fileRef = 69E8A0580486E0EC00FE06D7 /* SRCPrestimState.h */; };
		69E24E4207A5C2AB00DDC096 /* SRCPrestimState.m in Sources */ = {isa = PBXBuildFile; fileRef = 69E8A0590486E0EC00FE06D7 /* SRCPrestimState.m */; };
		69E24E4307A5C2AC00DDC096 /* SRCReactState.h in Resources */ = {isa = PBXBuildFile; fileRef = 69E8A0640486F23700FE06D7 /* SRCReactState.h */; };
		69E24E4407A5C2AC00DDC096 /* SRCReactState.m in Sources */ = {isa = PBXBuildFile; fileRef = 69E8A0650486F23700FE06D7 /* SRCReactState.m */; };
		69E24E4507A5C2AD00DDC096 /* SRCSaccadeState.h in Resources */ = {isa = PBXBuildFile; fileRef = 69F443A305DEE56D000705E2 /* SRCSaccadeState.h */; };
		69E24E4607A5C2AE00DDC096 /* SRCSaccadeState.m in Sources */ = {isa = PBXBuildFile; fileRef = 69F443A405DEE56D000705E2 /* SRCSaccadeState.m */; };
		69E24E4907A5C2B000DDC096 /* SRCStarttrialState.h in Resources */ = {isa = PBXBuildFile; fileRef = 69E8A0440486D59800FE06D7 /* SRCStarttrialState.h */; };
		69E24E4A07A5C2B000DDC096 /* SRCStarttrialState.m in Sources */ = {isa = PBXBuildFile; fileRef = 69E8A0450486D59800FE06D7 /* SRCStarttrialState.m */; };
		69E24E4B07A5C2B100DDC096 /* SRCStopState.h in Resources */ = {isa = PBXBuildFile; fileRef = 694879F90486AF9300FE06D7 /* SRCStopState.h */; };
		69E24E4C07A5C2B200DDC096 /* SRCStopState.m in Sources */ = {isa = PBXBuildFile; fileRef = 694879FA0486AF9300FE06D7 /* SRCStopState.m */; };
		69E24E4F07A5C2BB00DDC096 /* SRContrast_Prefix.h in Resources */ = {isa = PBXBuildFile; fileRef = 69E247A107A5527C00DDC096 /* SRContrast_Prefix.h */; };
		69E24E5007A5C2BC00DDC096 /* SRC.h in Resources */ = {isa = PBXBuildFile; fileRef = 69E247A207A5527C00DDC096 /* SRC.h */; };
		69E24E5107A5C2BD00DDC096 /* main.m in Sources */ = {isa = PBXBuildFile; fileRef = 29B97316FDCFA39411CA2CEA /* main.m */; };
		69E24E5207A5C2BD00DDC096 /* UtilityFunctions.h in Resources */ = {isa = PBXBuildFile; fileRef = 69E7FC6E04DBE6EF00F95507 /* UtilityFunctions.h */; };
		69E24E5307A5C2BE00DDC096 /* UtilityFunctions.m in Sources */ = {isa = PBXBuildFile; fileRef = 69975550043E645C00F95509 /* UtilityFunctions.m */; };
		69E24E5407A5C2C300DDC096 /* InfoPlist.strings in Resources */ = {isa = PBXBuildFile; fileRef = 089C165CFE840E0CC02AAC07 /* InfoPlist.strings */; };
		69E24E5607A5C2C500DDC096 /* SRCBehaviorController.nib in Resources */ = {isa = PBXBuildFile; fileRef = 69B5A7C70471D9E400F95509 /* SRCBehaviorController.nib */; };
		69E24E5707A5C2C500DDC096 /* SRCEyeXYController.nib in Resources */ = {isa = PBXBuildFile; fileRef = 69E96F950472CCC300F95509 /* SRCEyeXYController.nib */; };
		69E24E5807A5C2C700DDC096 /* SRCSpikeController.nib in Resources */ = {isa = PBXBuildFile; fileRef = 69F13A6304716D0D00F95509 /* SRCSpikeController.nib */; };
		69E24E5907A5C2C800DDC096 /* SRCMessageController.nib in Resources */ = {isa = PBXBuildFile; fileRef = 69CFF8140476A44400F95509 /* SRCMessageController.nib */; };
		69E24E5A07A5C2C900DDC096 /* SRCSummaryController.nib in Resources */ = {isa = PBXBuildFile; fileRef = 69B9AE6F0482FB9F00F95509 /* SRCSummaryController.nib */; };
		69E24E5B07A5C2C900DDC096 /* SRCXTController.nib in Resources */ = {isa = PBXBuildFile; fileRef = 690B7991047ADABA00A80164 /* SRCXTController.nib */; };
		69E24E5C07A5C2D100DDC096 /* UserDefaults.plist in Resources */ = {isa = PBXBuildFile; fileRef = 696D8C8A075D683B0057453A /* UserDefaults.plist */; };
		69E24E5D07A5C2D100DDC096 /* Info.plist in Resources */ = {isa = PBXBuildFile; fileRef = 69E247A907A5529700DDC096 /* Info.plist */; };
		69E24E5E07A5C2E100DDC096 /* Cocoa.framework in Frameworks */ = {isa = PBXBuildFile; fileRef = 1058C7A1FEA54F0111CA2CBB /* Cocoa.framework */; };
		69E24E6207A5C2E200DDC096 /* OpenGL.framework in Frameworks */ = {isa = PBXBuildFile; fileRef = E7A443DD0132ED6B0ACA2124 /* OpenGL.framework */; };
		69E24E7407A5C34300DDC096 /* AppKit.framework in Frameworks */ = {isa = PBXBuildFile; fileRef = 29B97324FDCFA39411CA2CEA /* AppKit.framework */; };
		69E24F0907A5C34400DDC096 /* Foundation.framework in Frameworks */ = {isa = PBXBuildFile; fileRef = 29B97325FDCFA39411CA2CEA /* Foundation.framework */; };
		F34521E30C8F16D100DBAA4B /* SRCBreakState.m in Sources */ = {isa = PBXBuildFile; fileRef = F34521E20C8F16D100DBAA4B /* SRCBreakState.m */; };
		F3E8657F09F00F32005B8CF8 /* Lablib.framework in Frameworks */ = {isa = PBXBuildFile; fileRef = F3E8657E09F00F32005B8CF8 /* Lablib.framework */; };
/* End PBXBuildFile section */

/* Begin PBXFileReference section */
		089C165DFE840E0CC02AAC07 /* English */ = {isa = PBXFileReference; fileEncoding = 10; lastKnownFileType = text.plist.strings; name = English; path = English.lproj/InfoPlist.strings; sourceTree = "<group>"; };
		1058C7A1FEA54F0111CA2CBB /* Cocoa.framework */ = {isa = PBXFileReference; lastKnownFileType = wrapper.framework; name = Cocoa.framework; path = /System/Library/Frameworks/Cocoa.framework; sourceTree = "<absolute>"; };
		29B97316FDCFA39411CA2CEA /* main.m */ = {isa = PBXFileReference; fileEncoding = 30; lastKnownFileType = sourcecode.c.objc; path = main.m; sourceTree = "<group>"; };
		29B97324FDCFA39411CA2CEA /* AppKit.framework */ = {isa = PBXFileReference; lastKnownFileType = wrapper.framework; name = AppKit.framework; path = /System/Library/Frameworks/AppKit.framework; sourceTree = "<absolute>"; };
		29B97325FDCFA39411CA2CEA /* Foundation.framework */ = {isa = PBXFileReference; lastKnownFileType = wrapper.framework; name = Foundation.framework; path = /System/Library/Frameworks/Foundation.framework; sourceTree = "<absolute>"; };
		3C4E92FB0E78630900FCD2CE /* SRCDigitalOut.h */ = {isa = PBXFileReference; fileEncoding = 4; lastKnownFileType = sourcecode.c.h; path = SRCDigitalOut.h; sourceTree = "<group>"; };
		3C4E92FC0E78631D00FCD2CE /* SRCDigitalOut.m */ = {isa = PBXFileReference; fileEncoding = 4; lastKnownFileType = sourcecode.c.objc; path = SRCDigitalOut.m; sourceTree = "<group>"; };
		3C4E936B0E78687600FCD2CE /* LablibITC18.h */ = {isa = PBXFileReference; fileEncoding = 4; lastKnownFileType = sourcecode.c.h; name = LablibITC18.h; path = /Documents/Lablib/Frameworks/LablibITC18/build/Development/LablibITC18.framework/Versions/A/Headers/LablibITC18.h; sourceTree = "<absolute>"; };
		3C9F233A0DB01ACD0058A0EE /* SRContrast.nib */ = {isa = PBXFileReference; lastKnownFileType = wrapper.nib; name = SRContrast.nib; path = English.lproj/SRContrast.nib; sourceTree = "<group>"; };
		690B798D047ADA9F00A80164 /* SRCBehaviorController.h */ = {isa = PBXFileReference; fileEncoding = 30; lastKnownFileType = sourcecode.c.h; path = SRCBehaviorController.h; sourceTree = "<group>"; };
		690B798E047ADA9F00A80164 /* SRCBehaviorController.m */ = {isa = PBXFileReference; fileEncoding = 30; lastKnownFileType = sourcecode.c.objc; path = SRCBehaviorController.m; sourceTree = "<group>"; };
		690B7992047ADABA00A80164 /* English */ = {isa = PBXFileReference; lastKnownFileType = wrapper.nib; name = English; path = English.lproj/SRCXTController.nib; sourceTree = "<group>"; };
		694879F10486AA2000FE06D7 /* SRCStateSystem.h */ = {isa = PBXFileReference; fileEncoding = 4; lastKnownFileType = sourcecode.c.h; path = SRCStateSystem.h; sourceTree = "<group>"; };
		694879F20486AA2000FE06D7 /* SRCStateSystem.m */ = {isa = PBXFileReference; fileEncoding = 4; lastKnownFileType = sourcecode.c.objc; path = SRCStateSystem.m; sourceTree = "<group>"; };
		694879F90486AF9300FE06D7 /* SRCStopState.h */ = {isa = PBXFileReference; fileEncoding = 4; lastKnownFileType = sourcecode.c.h; path = SRCStopState.h; sourceTree = "<group>"; };
		694879FA0486AF9300FE06D7 /* SRCStopState.m */ = {isa = PBXFileReference; fileEncoding = 4; lastKnownFileType = sourcecode.c.objc; path = SRCStopState.m; sourceTree = "<group>"; };
		694879FD0486B06A00FE06D7 /* SRCIdleState.h */ = {isa = PBXFileReference; fileEncoding = 4; lastKnownFileType = sourcecode.c.h; path = SRCIdleState.h; sourceTree = "<group>"; };
		694879FE0486B06A00FE06D7 /* SRCIdleState.m */ = {isa = PBXFileReference; fileEncoding = 4; lastKnownFileType = sourcecode.c.objc; path = SRCIdleState.m; sourceTree = "<group>"; };
		695982CF080209EB0090B9A6 /* SRCFixGraceState.h */ = {isa = PBXFileReference; fileEncoding = 4; lastKnownFileType = sourcecode.c.h; path = SRCFixGraceState.h; sourceTree = "<group>"; };
		695982D0080209EB0090B9A6 /* SRCFixGraceState.m */ = {isa = PBXFileReference; fileEncoding = 4; lastKnownFileType = sourcecode.c.objc; path = SRCFixGraceState.m; sourceTree = "<group>"; };
		695C12F509B108880021A27D /* SRCPreCueState.h */ = {isa = PBXFileReference; fileEncoding = 4; lastKnownFileType = sourcecode.c.h; path = SRCPreCueState.h; sourceTree = "<group>"; };
		695C12F609B108880021A27D /* SRCPreCueState.m */ = {isa = PBXFileReference; fileEncoding = 4; lastKnownFileType = sourcecode.c.objc; path = SRCPreCueState.m; sourceTree = "<group>"; };
		695C12FA09B108970021A27D /* SRCCueState.h */ = {isa = PBXFileReference; fileEncoding = 4; lastKnownFileType = sourcecode.c.h; path = SRCCueState.h; sourceTree = "<group>"; };
		695C12FB09B108970021A27D /* SRCCueState.m */ = {isa = PBXFileReference; fileEncoding = 4; lastKnownFileType = sourcecode.c.objc; path = SRCCueState.m; sourceTree = "<group>"; };
		6968EA58059DDD1900E33065 /* Notes.txt */ = {isa = PBXFileReference; fileEncoding = 4; lastKnownFileType = text; path = Notes.txt; sourceTree = "<group>"; };
		696D8C8A075D683B0057453A /* UserDefaults.plist */ = {isa = PBXFileReference; fileEncoding = 30; lastKnownFileType = text.plist.xml; path = UserDefaults.plist; sourceTree = "<group>"; };
		6983253D0486BE9600FE06D7 /* SRCIntertrialState.h */ = {isa = PBXFileReference; fileEncoding = 4; lastKnownFileType = sourcecode.c.h; path = SRCIntertrialState.h; sourceTree = "<group>"; };
		6983253E0486BE9600FE06D7 /* SRCIntertrialState.m */ = {isa = PBXFileReference; fileEncoding = 4; lastKnownFileType = sourcecode.c.objc; path = SRCIntertrialState.m; sourceTree = "<group>"; };
		69975550043E645C00F95509 /* UtilityFunctions.m */ = {isa = PBXFileReference; fileEncoding = 4; lastKnownFileType = sourcecode.c.objc; path = UtilityFunctions.m; sourceTree = "<group>"; };
		69B5A7C80471D9E400F95509 /* English */ = {isa = PBXFileReference; lastKnownFileType = wrapper.nib; name = English; path = English.lproj/SRCBehaviorController.nib; sourceTree = "<group>"; };
		69B5A7CA0471DBA300F95509 /* SRCXTController.h */ = {isa = PBXFileReference; fileEncoding = 30; lastKnownFileType = sourcecode.c.h; path = SRCXTController.h; sourceTree = "<group>"; };
		69B5A7CB0471DBA300F95509 /* SRCXTController.m */ = {isa = PBXFileReference; fileEncoding = 30; lastKnownFileType = sourcecode.c.objc; path = SRCXTController.m; sourceTree = "<group>"; };
		69B9AE700482FB9F00F95509 /* English */ = {isa = PBXFileReference; lastKnownFileType = wrapper.nib; name = English; path = English.lproj/SRCSummaryController.nib; sourceTree = "<group>"; };
		69B9AE720482FBDD00F95509 /* SRCSummaryController.h */ = {isa = PBXFileReference; fileEncoding = 30; lastKnownFileType = sourcecode.c.h; path = SRCSummaryController.h; sourceTree = "<group>"; };
		69B9AE730482FBDD00F95509 /* SRCSummaryController.m */ = {isa = PBXFileReference; fileEncoding = 30; lastKnownFileType = sourcecode.c.objc; path = SRCSummaryController.m; sourceTree = "<group>"; };
		69CFF8150476A44400F95509 /* English */ = {isa = PBXFileReference; lastKnownFileType = wrapper.nib; name = English; path = English.lproj/SRCMessageController.nib; sourceTree = "<group>"; };
		69E247A107A5527C00DDC096 /* SRContrast_Prefix.h */ = {isa = PBXFileReference; fileEncoding = 30; lastKnownFileType = sourcecode.c.h; path = SRContrast_Prefix.h; sourceTree = "<group>"; };
		69E247A207A5527C00DDC096 /* SRC.h */ = {isa = PBXFileReference; fileEncoding = 30; lastKnownFileType = sourcecode.c.h; path = SRC.h; sourceTree = "<group>"; };
		69E247A907A5529700DDC096 /* Info.plist */ = {isa = PBXFileReference; fileEncoding = 30; lastKnownFileType = text.plist.xml; path = Info.plist; sourceTree = "<group>"; };
		69E247C907A5562500DDC096 /* SRContrast.h */ = {isa = PBXFileReference; fileEncoding = 4; lastKnownFileType = sourcecode.c.h; path = SRContrast.h; sourceTree = "<group>"; };
		69E247CA07A5562500DDC096 /* SRContrast.m */ = {isa = PBXFileReference; fileEncoding = 4; lastKnownFileType = sourcecode.c.objc; path = SRContrast.m; sourceTree = "<group>"; };
		69E24E1607A5C21F00DDC096 /* SRContrast.plugin */ = {isa = PBXFileReference; explicitFileType = wrapper.cfbundle; includeInIndex = 0; path = SRContrast.plugin; sourceTree = BUILT_PRODUCTS_DIR; };
		69E7FC6E04DBE6EF00F95507 /* UtilityFunctions.h */ = {isa = PBXFileReference; fileEncoding = 4; lastKnownFileType = sourcecode.c.h; path = UtilityFunctions.h; sourceTree = "<group>"; };
		69E8A0400486D3B700FE06D7 /* SRCEndtrialState.h */ = {isa = PBXFileReference; fileEncoding = 4; lastKnownFileType = sourcecode.c.h; path = SRCEndtrialState.h; sourceTree = "<group>"; };
		69E8A0410486D3B700FE06D7 /* SRCEndtrialState.m */ = {isa = PBXFileReference; fileEncoding = 4; lastKnownFileType = sourcecode.c.objc; path = SRCEndtrialState.m; sourceTree = "<group>"; };
		69E8A0440486D59800FE06D7 /* SRCStarttrialState.h */ = {isa = PBXFileReference; fileEncoding = 4; lastKnownFileType = sourcecode.c.h; path = SRCStarttrialState.h; sourceTree = "<group>"; };
		69E8A0450486D59800FE06D7 /* SRCStarttrialState.m */ = {isa = PBXFileReference; fileEncoding = 4; lastKnownFileType = sourcecode.c.objc; path = SRCStarttrialState.m; sourceTree = "<group>"; };
		69E8A0480486D97300FE06D7 /* SRCBlockedState.h */ = {isa = PBXFileReference; fileEncoding = 4; lastKnownFileType = sourcecode.c.h; path = SRCBlockedState.h; sourceTree = "<group>"; };
		69E8A0490486D97300FE06D7 /* SRCBlockedState.m */ = {isa = PBXFileReference; fileEncoding = 4; lastKnownFileType = sourcecode.c.objc; path = SRCBlockedState.m; sourceTree = "<group>"; };
		69E8A04C0486DB1300FE06D7 /* SRCFixonState.h */ = {isa = PBXFileReference; fileEncoding = 4; lastKnownFileType = sourcecode.c.h; path = SRCFixonState.h; sourceTree = "<group>"; };
		69E8A04D0486DB1300FE06D7 /* SRCFixonState.m */ = {isa = PBXFileReference; fileEncoding = 4; lastKnownFileType = sourcecode.c.objc; path = SRCFixonState.m; sourceTree = "<group>"; };
		69E8A0580486E0EC00FE06D7 /* SRCPrestimState.h */ = {isa = PBXFileReference; fileEncoding = 4; lastKnownFileType = sourcecode.c.h; path = SRCPrestimState.h; sourceTree = "<group>"; };
		69E8A0590486E0EC00FE06D7 /* SRCPrestimState.m */ = {isa = PBXFileReference; fileEncoding = 4; lastKnownFileType = sourcecode.c.objc; path = SRCPrestimState.m; sourceTree = "<group>"; };
		69E8A05C0486F0A700FE06D7 /* SRCStimulate.h */ = {isa = PBXFileReference; fileEncoding = 4; lastKnownFileType = sourcecode.c.h; path = SRCStimulate.h; sourceTree = "<group>"; };
		69E8A05D0486F0A700FE06D7 /* SRCStimulate.m */ = {isa = PBXFileReference; fileEncoding = 4; lastKnownFileType = sourcecode.c.objc; path = SRCStimulate.m; sourceTree = "<group>"; };
		69E8A0640486F23700FE06D7 /* SRCReactState.h */ = {isa = PBXFileReference; fileEncoding = 4; lastKnownFileType = sourcecode.c.h; path = SRCReactState.h; sourceTree = "<group>"; };
		69E8A0650486F23700FE06D7 /* SRCReactState.m */ = {isa = PBXFileReference; fileEncoding = 4; lastKnownFileType = sourcecode.c.objc; path = SRCReactState.m; sourceTree = "<group>"; };
		69E96F8D0472CC5C00F95509 /* SRCEyeXYController.h */ = {isa = PBXFileReference; fileEncoding = 30; lastKnownFileType = sourcecode.c.h; path = SRCEyeXYController.h; sourceTree = "<group>"; };
		69E96F8E0472CC5C00F95509 /* SRCEyeXYController.m */ = {isa = PBXFileReference; fileEncoding = 30; lastKnownFileType = sourcecode.c.objc; path = SRCEyeXYController.m; sourceTree = "<group>"; };
		69E96F960472CCC300F95509 /* English */ = {isa = PBXFileReference; lastKnownFileType = wrapper.nib; name = English; path = English.lproj/SRCEyeXYController.nib; sourceTree = "<group>"; };
		69EAD86F04352E4F00F95509 /* SRCStimuli.h */ = {isa = PBXFileReference; fileEncoding = 30; lastKnownFileType = sourcecode.c.h; path = SRCStimuli.h; sourceTree = "<group>"; };
		69EAD87004352E4F00F95509 /* SRCStimuli.m */ = {isa = PBXFileReference; fileEncoding = 30; lastKnownFileType = sourcecode.c.objc; path = SRCStimuli.m; sourceTree = "<group>"; };
		69F13A5F04716CF400F95509 /* SRCSpikeController.h */ = {isa = PBXFileReference; fileEncoding = 30; lastKnownFileType = sourcecode.c.h; path = SRCSpikeController.h; sourceTree = "<group>"; };
		69F13A6004716CF400F95509 /* SRCSpikeController.m */ = {isa = PBXFileReference; fileEncoding = 30; lastKnownFileType = sourcecode.c.objc; path = SRCSpikeController.m; sourceTree = "<group>"; };
		69F13A6404716D0D00F95509 /* English */ = {isa = PBXFileReference; lastKnownFileType = wrapper.nib; name = English; path = English.lproj/SRCSpikeController.nib; sourceTree = "<group>"; };
		69F443A305DEE56D000705E2 /* SRCSaccadeState.h */ = {isa = PBXFileReference; fileEncoding = 30; lastKnownFileType = sourcecode.c.h; path = SRCSaccadeState.h; sourceTree = "<group>"; };
		69F443A405DEE56D000705E2 /* SRCSaccadeState.m */ = {isa = PBXFileReference; fileEncoding = 30; lastKnownFileType = sourcecode.c.objc; path = SRCSaccadeState.m; sourceTree = "<group>"; };
		E7A443DD0132ED6B0ACA2124 /* OpenGL.framework */ = {isa = PBXFileReference; lastKnownFileType = wrapper.framework; name = OpenGL.framework; path = /System/Library/Frameworks/OpenGL.framework; sourceTree = "<absolute>"; };
		F34521E10C8F16D100DBAA4B /* SRCBreakState.h */ = {isa = PBXFileReference; fileEncoding = 4; lastKnownFileType = sourcecode.c.h; path = SRCBreakState.h; sourceTree = "<group>"; };
		F34521E20C8F16D100DBAA4B /* SRCBreakState.m */ = {isa = PBXFileReference; fileEncoding = 4; lastKnownFileType = sourcecode.c.objc; path = SRCBreakState.m; sourceTree = "<group>"; };
		F3E8657E09F00F32005B8CF8 /* Lablib.framework */ = {isa = PBXFileReference; lastKnownFileType = wrapper.framework; name = Lablib.framework; path = /Documents/Lablib/Frameworks/Lablib/build/Development/Lablib.framework; sourceTree = "<absolute>"; };
/* End PBXFileReference section */

/* Begin PBXFrameworksBuildPhase section */
		69E24E1407A5C21F00DDC096 /* Frameworks */ = {
			isa = PBXFrameworksBuildPhase;
			buildActionMask = 2147483647;
			files = (
				69E24E5E07A5C2E100DDC096 /* Cocoa.framework in Frameworks */,
				69E24E6207A5C2E200DDC096 /* OpenGL.framework in Frameworks */,
				69E24E7407A5C34300DDC096 /* AppKit.framework in Frameworks */,
				69E24F0907A5C34400DDC096 /* Foundation.framework in Frameworks */,
				F3E8657F09F00F32005B8CF8 /* Lablib.framework in Frameworks */,
			);
			runOnlyForDeploymentPostprocessing = 0;
		};
/* End PBXFrameworksBuildPhase section */

/* Begin PBXGroup section */
		080E96DDFE201D6D7F000001 /* Classes */ = {
			isa = PBXGroup;
			children = (
				696D3833059E19DE0018E5D5 /* Controllers */,
				694879ED0486A83B00FE06D7 /* On-line Display */,
				694879EE0486A85E00FE06D7 /* State System */,
			);
			name = Classes;
			sourceTree = "<group>";
		};
		1058C7A0FEA54F0111CA2CBB /* Linked Frameworks */ = {
			isa = PBXGroup;
			children = (
				F3E8657E09F00F32005B8CF8 /* Lablib.framework */,
				1058C7A1FEA54F0111CA2CBB /* Cocoa.framework */,
			);
			name = "Linked Frameworks";
			sourceTree = "<group>";
		};
		1058C7A2FEA54F0111CA2CBB /* Other Frameworks */ = {
			isa = PBXGroup;
			children = (
				29B97324FDCFA39411CA2CEA /* AppKit.framework */,
				29B97325FDCFA39411CA2CEA /* Foundation.framework */,
				E7A443DD0132ED6B0ACA2124 /* OpenGL.framework */,
			);
			name = "Other Frameworks";
			sourceTree = "<group>";
		};
		19C28FACFE9D520D11CA2CBB /* Products */ = {
			isa = PBXGroup;
			children = (
				69E24E1607A5C21F00DDC096 /* SRContrast.plugin */,
			);
			name = Products;
			sourceTree = "<group>";
		};
		29B97314FDCFA39411CA2CEA /* terstes */ = {
			isa = PBXGroup;
			children = (
				6968EA58059DDD1900E33065 /* Notes.txt */,
				080E96DDFE201D6D7F000001 /* Classes */,
				29B97315FDCFA39411CA2CEA /* Other Sources */,
				29B97317FDCFA39411CA2CEA /* Resources */,
				69C1CC640827E43C00A71FDE /* Plists */,
				29B97323FDCFA39411CA2CEA /* Frameworks */,
				19C28FACFE9D520D11CA2CBB /* Products */,
			);
			name = terstes;
			sourceTree = "<group>";
		};
		29B97315FDCFA39411CA2CEA /* Other Sources */ = {
			isa = PBXGroup;
			children = (
				3C4E936B0E78687600FCD2CE /* LablibITC18.h */,
				69E247A107A5527C00DDC096 /* SRContrast_Prefix.h */,
				69E247A207A5527C00DDC096 /* SRC.h */,
				29B97316FDCFA39411CA2CEA /* main.m */,
				69E7FC6E04DBE6EF00F95507 /* UtilityFunctions.h */,
				69975550043E645C00F95509 /* UtilityFunctions.m */,
			);
			name = "Other Sources";
			sourceTree = "<group>";
		};
		29B97317FDCFA39411CA2CEA /* Resources */ = {
			isa = PBXGroup;
			children = (
				3C9F233A0DB01ACD0058A0EE /* SRContrast.nib */,
				089C165CFE840E0CC02AAC07 /* InfoPlist.strings */,
				69B5A7C70471D9E400F95509 /* SRCBehaviorController.nib */,
				69E96F950472CCC300F95509 /* SRCEyeXYController.nib */,
				69CFF8140476A44400F95509 /* SRCMessageController.nib */,
				69F13A6304716D0D00F95509 /* SRCSpikeController.nib */,
				69B9AE6F0482FB9F00F95509 /* SRCSummaryController.nib */,
				690B7991047ADABA00A80164 /* SRCXTController.nib */,
			);
			name = Resources;
			sourceTree = "<group>";
		};
		29B97323FDCFA39411CA2CEA /* Frameworks */ = {
			isa = PBXGroup;
			children = (
				1058C7A0FEA54F0111CA2CBB /* Linked Frameworks */,
				1058C7A2FEA54F0111CA2CBB /* Other Frameworks */,
			);
			name = Frameworks;
			sourceTree = "<group>";
		};
		694879ED0486A83B00FE06D7 /* On-line Display */ = {
			isa = PBXGroup;
			children = (
				690B798D047ADA9F00A80164 /* SRCBehaviorController.h */,
				690B798E047ADA9F00A80164 /* SRCBehaviorController.m */,
				69E96F8D0472CC5C00F95509 /* SRCEyeXYController.h */,
				69E96F8E0472CC5C00F95509 /* SRCEyeXYController.m */,
				69F13A5F04716CF400F95509 /* SRCSpikeController.h */,
				69F13A6004716CF400F95509 /* SRCSpikeController.m */,
				69B9AE720482FBDD00F95509 /* SRCSummaryController.h */,
				69B9AE730482FBDD00F95509 /* SRCSummaryController.m */,
				69B5A7CA0471DBA300F95509 /* SRCXTController.h */,
				69B5A7CB0471DBA300F95509 /* SRCXTController.m */,
			);
			name = "On-line Display";
			sourceTree = "<group>";
		};
		694879EE0486A85E00FE06D7 /* State System */ = {
			isa = PBXGroup;
			children = (
				694879F10486AA2000FE06D7 /* SRCStateSystem.h */,
				694879F20486AA2000FE06D7 /* SRCStateSystem.m */,
				69E8A0480486D97300FE06D7 /* SRCBlockedState.h */,
				69E8A0490486D97300FE06D7 /* SRCBlockedState.m */,
				695C12FA09B108970021A27D /* SRCCueState.h */,
				695C12FB09B108970021A27D /* SRCCueState.m */,
				69E8A0400486D3B700FE06D7 /* SRCEndtrialState.h */,
				69E8A0410486D3B700FE06D7 /* SRCEndtrialState.m */,
				69E8A04C0486DB1300FE06D7 /* SRCFixonState.h */,
				69E8A04D0486DB1300FE06D7 /* SRCFixonState.m */,
				695982CF080209EB0090B9A6 /* SRCFixGraceState.h */,
				695982D0080209EB0090B9A6 /* SRCFixGraceState.m */,
				694879FD0486B06A00FE06D7 /* SRCIdleState.h */,
				694879FE0486B06A00FE06D7 /* SRCIdleState.m */,
				6983253D0486BE9600FE06D7 /* SRCIntertrialState.h */,
				6983253E0486BE9600FE06D7 /* SRCIntertrialState.m */,
				695C12F509B108880021A27D /* SRCPreCueState.h */,
				695C12F609B108880021A27D /* SRCPreCueState.m */,
				69E8A0580486E0EC00FE06D7 /* SRCPrestimState.h */,
				69E8A0590486E0EC00FE06D7 /* SRCPrestimState.m */,
				F34521E10C8F16D100DBAA4B /* SRCBreakState.h */,
				F34521E20C8F16D100DBAA4B /* SRCBreakState.m */,
				69E8A0640486F23700FE06D7 /* SRCReactState.h */,
				69E8A0650486F23700FE06D7 /* SRCReactState.m */,
				69F443A305DEE56D000705E2 /* SRCSaccadeState.h */,
				69F443A405DEE56D000705E2 /* SRCSaccadeState.m */,
				69E8A0440486D59800FE06D7 /* SRCStarttrialState.h */,
				69E8A0450486D59800FE06D7 /* SRCStarttrialState.m */,
				69E8A05C0486F0A700FE06D7 /* SRCStimulate.h */,
				69E8A05D0486F0A700FE06D7 /* SRCStimulate.m */,
				694879F90486AF9300FE06D7 /* SRCStopState.h */,
				694879FA0486AF9300FE06D7 /* SRCStopState.m */,
			);
			name = "State System";
			sourceTree = "<group>";
		};
		696D3833059E19DE0018E5D5 /* Controllers */ = {
			isa = PBXGroup;
			children = (
				3C4E92FC0E78631D00FCD2CE /* SRCDigitalOut.m */,
				3C4E92FB0E78630900FCD2CE /* SRCDigitalOut.h */,
				69E247C907A5562500DDC096 /* SRContrast.h */,
				69E247CA07A5562500DDC096 /* SRContrast.m */,
				69EAD86F04352E4F00F95509 /* SRCStimuli.h */,
				69EAD87004352E4F00F95509 /* SRCStimuli.m */,
			);
			name = Controllers;
			sourceTree = "<group>";
		};
		69C1CC640827E43C00A71FDE /* Plists */ = {
			isa = PBXGroup;
			children = (
				696D8C8A075D683B0057453A /* UserDefaults.plist */,
				69E247A907A5529700DDC096 /* Info.plist */,
			);
			name = Plists;
			sourceTree = "<group>";
		};
/* End PBXGroup section */

/* Begin PBXNativeTarget section */
		69E24E1507A5C21F00DDC096 /* SRContrast */ = {
			isa = PBXNativeTarget;
			buildConfigurationList = 69B8D0E9088DAADA002FCFD4 /* Build configuration list for PBXNativeTarget "SRContrast" */;
			buildPhases = (
				69E24E1207A5C21F00DDC096 /* Resources */,
				69E24E1307A5C21F00DDC096 /* Sources */,
				69E24E1407A5C21F00DDC096 /* Frameworks */,
			);
			buildRules = (
			);
			dependencies = (
			);
			name = SRContrast;
			productName = SRContrast;
			productReference = 69E24E1607A5C21F00DDC096 /* SRContrast.plugin */;
			productType = "com.apple.product-type.bundle";
		};
/* End PBXNativeTarget section */

/* Begin PBXProject section */
		29B97313FDCFA39411CA2CEA /* Project object */ = {
			isa = PBXProject;
			buildConfigurationList = 69B8D0ED088DAADA002FCFD4 /* Build configuration list for PBXProject "SRContrast" */;
			compatibilityVersion = "Xcode 2.4";
			hasScannedForEncodings = 1;
			mainGroup = 29B97314FDCFA39411CA2CEA /* terstes */;
			projectDirPath = "";
			projectRoot = "";
			targets = (
				69E24E1507A5C21F00DDC096 /* SRContrast */,
			);
		};
/* End PBXProject section */

/* Begin PBXResourcesBuildPhase section */
		69E24E1207A5C21F00DDC096 /* Resources */ = {
			isa = PBXResourcesBuildPhase;
			buildActionMask = 2147483647;
			files = (
				69E24E1B07A5C25A00DDC096 /* SRContrast.h in Resources */,
				69E24E1E07A5C25E00DDC096 /* SRCStimuli.h in Resources */,
				69E24E2107A5C27000DDC096 /* SRCBehaviorController.h in Resources */,
				69E24E2307A5C27200DDC096 /* SRCEyeXYController.h in Resources */,
				69E24E2507A5C27300DDC096 /* SRCSpikeController.h in Resources */,
				69E24E2707A5C27400DDC096 /* SRCSummaryController.h in Resources */,
				69E24E2907A5C27700DDC096 /* SRCXTController.h in Resources */,
				69E24E2D07A5C29700DDC096 /* SRCStateSystem.h in Resources */,
				69E24E2F07A5C29900DDC096 /* SRCBlockedState.h in Resources */,
				69E24E3107A5C29B00DDC096 /* SRCEndtrialState.h in Resources */,
				69E24E3307A5C29C00DDC096 /* SRCFixonState.h in Resources */,
				69E24E3707A5C29F00DDC096 /* SRCIdleState.h in Resources */,
				69E24E3907A5C2A000DDC096 /* SRCIntertrialState.h in Resources */,
				69E24E3B07A5C2A200DDC096 /* SRCStimulate.h in Resources */,
				69E24E4107A5C2AA00DDC096 /* SRCPrestimState.h in Resources */,
				69E24E4307A5C2AC00DDC096 /* SRCReactState.h in Resources */,
				69E24E4507A5C2AD00DDC096 /* SRCSaccadeState.h in Resources */,
				69E24E4907A5C2B000DDC096 /* SRCStarttrialState.h in Resources */,
				69E24E4B07A5C2B100DDC096 /* SRCStopState.h in Resources */,
				69E24E4F07A5C2BB00DDC096 /* SRContrast_Prefix.h in Resources */,
				69E24E5007A5C2BC00DDC096 /* SRC.h in Resources */,
				69E24E5207A5C2BD00DDC096 /* UtilityFunctions.h in Resources */,
				69E24E5407A5C2C300DDC096 /* InfoPlist.strings in Resources */,
				69E24E5607A5C2C500DDC096 /* SRCBehaviorController.nib in Resources */,
				69E24E5707A5C2C500DDC096 /* SRCEyeXYController.nib in Resources */,
				69E24E5807A5C2C700DDC096 /* SRCSpikeController.nib in Resources */,
				69E24E5907A5C2C800DDC096 /* SRCMessageController.nib in Resources */,
				69E24E5A07A5C2C900DDC096 /* SRCSummaryController.nib in Resources */,
				69E24E5B07A5C2C900DDC096 /* SRCXTController.nib in Resources */,
				69E24E5C07A5C2D100DDC096 /* UserDefaults.plist in Resources */,
				69E24E5D07A5C2D100DDC096 /* Info.plist in Resources */,
				695982D1080209EB0090B9A6 /* SRCFixGraceState.h in Resources */,
				3C9F233B0DB01ACD0058A0EE /* SRContrast.nib in Resources */,
			);
			runOnlyForDeploymentPostprocessing = 0;
		};
/* End PBXResourcesBuildPhase section */

/* Begin PBXSourcesBuildPhase section */
		69E24E1307A5C21F00DDC096 /* Sources */ = {
			isa = PBXSourcesBuildPhase;
			buildActionMask = 2147483647;
			files = (
				69E24E1C07A5C25B00DDC096 /* SRContrast.m in Sources */,
				69E24E1F07A5C25F00DDC096 /* SRCStimuli.m in Sources */,
				69E24E2207A5C27100DDC096 /* SRCBehaviorController.m in Sources */,
				69E24E2407A5C27200DDC096 /* SRCEyeXYController.m in Sources */,
				69E24E2807A5C27600DDC096 /* SRCSummaryController.m in Sources */,
				69E24E2A07A5C27800DDC096 /* SRCXTController.m in Sources */,
				69E24E2E07A5C29800DDC096 /* SRCStateSystem.m in Sources */,
				69E24E3007A5C29A00DDC096 /* SRCBlockedState.m in Sources */,
				69E24E3207A5C29B00DDC096 /* SRCEndtrialState.m in Sources */,
				69E24E3407A5C29D00DDC096 /* SRCFixonState.m in Sources */,
				69E24E3807A5C2A000DDC096 /* SRCIdleState.m in Sources */,
				69E24E3A07A5C2A100DDC096 /* SRCIntertrialState.m in Sources */,
				69E24E3C07A5C2A300DDC096 /* SRCStimulate.m in Sources */,
				69E24E4207A5C2AB00DDC096 /* SRCPrestimState.m in Sources */,
				69E24E4407A5C2AC00DDC096 /* SRCReactState.m in Sources */,
				69E24E4607A5C2AE00DDC096 /* SRCSaccadeState.m in Sources */,
				69E24E4A07A5C2B000DDC096 /* SRCStarttrialState.m in Sources */,
				69E24E4C07A5C2B200DDC096 /* SRCStopState.m in Sources */,
				69E24E5107A5C2BD00DDC096 /* main.m in Sources */,
				69E24E5307A5C2BE00DDC096 /* UtilityFunctions.m in Sources */,
				695982D2080209EB0090B9A6 /* SRCFixGraceState.m in Sources */,
				69BDCE44098BD2CA00578E91 /* SRCSpikeController.m in Sources */,
				695C12F709B108880021A27D /* SRCPreCueState.m in Sources */,
				695C12FC09B108970021A27D /* SRCCueState.m in Sources */,
				F34521E30C8F16D100DBAA4B /* SRCBreakState.m in Sources */,
				3C4E92FD0E78631D00FCD2CE /* SRCDigitalOut.m in Sources */,
			);
			runOnlyForDeploymentPostprocessing = 0;
		};
/* End PBXSourcesBuildPhase section */

/* Begin PBXVariantGroup section */
		089C165CFE840E0CC02AAC07 /* InfoPlist.strings */ = {
			isa = PBXVariantGroup;
			children = (
				089C165DFE840E0CC02AAC07 /* English */,
			);
			name = InfoPlist.strings;
			sourceTree = "<group>";
		};
		690B7991047ADABA00A80164 /* SRCXTController.nib */ = {
			isa = PBXVariantGroup;
			children = (
				690B7992047ADABA00A80164 /* English */,
			);
			name = SRCXTController.nib;
			sourceTree = "<group>";
		};
		69B5A7C70471D9E400F95509 /* SRCBehaviorController.nib */ = {
			isa = PBXVariantGroup;
			children = (
				69B5A7C80471D9E400F95509 /* English */,
			);
			name = SRCBehaviorController.nib;
			sourceTree = "<group>";
		};
		69B9AE6F0482FB9F00F95509 /* SRCSummaryController.nib */ = {
			isa = PBXVariantGroup;
			children = (
				69B9AE700482FB9F00F95509 /* English */,
			);
			name = SRCSummaryController.nib;
			sourceTree = "<group>";
		};
		69CFF8140476A44400F95509 /* SRCMessageController.nib */ = {
			isa = PBXVariantGroup;
			children = (
				69CFF8150476A44400F95509 /* English */,
			);
			name = SRCMessageController.nib;
			sourceTree = "<group>";
		};
		69E96F950472CCC300F95509 /* SRCEyeXYController.nib */ = {
			isa = PBXVariantGroup;
			children = (
				69E96F960472CCC300F95509 /* English */,
			);
			name = SRCEyeXYController.nib;
			sourceTree = "<group>";
		};
		69F13A6304716D0D00F95509 /* SRCSpikeController.nib */ = {
			isa = PBXVariantGroup;
			children = (
				69F13A6404716D0D00F95509 /* English */,
			);
			name = SRCSpikeController.nib;
			sourceTree = "<group>";
		};
/* End PBXVariantGroup section */

/* Begin XCBuildConfiguration section */
		69B8D0EA088DAADA002FCFD4 /* Development */ = {
			isa = XCBuildConfiguration;
			buildSettings = {
				COPY_PHASE_STRIP = NO;
				FRAMEWORK_SEARCH_PATHS = (
					"$(FRAMEWORK_SEARCH_PATHS)",
					/Documents/Lablib/Frameworks/Lablib/build/Development,
				);
				GCC_DYNAMIC_NO_PIC = NO;
				GCC_ENABLE_FIX_AND_CONTINUE = YES;
				GCC_GENERATE_DEBUGGING_SYMBOLS = YES;
				GCC_OPTIMIZATION_LEVEL = 0;
				GCC_PRECOMPILE_PREFIX_HEADER = YES;
				GCC_PREFIX_HEADER = SRContrast_Prefix.h;
				GCC_TREAT_WARNINGS_AS_ERRORS = YES;
				GCC_WARN_ABOUT_MISSING_PROTOTYPES = YES;
				GCC_WARN_CHECK_SWITCH_STATEMENTS = YES;
				GCC_WARN_TYPECHECK_CALLS_TO_PRINTF = YES;
				GCC_WARN_UNUSED_FUNCTION = YES;
				GCC_WARN_UNUSED_LABEL = YES;
				GCC_WARN_UNUSED_VALUE = YES;
				GCC_WARN_UNUSED_VARIABLE = YES;
				INFOPLIST_FILE = Info.plist;
				INSTALL_PATH = "$(USER_LIBRARY_DIR)/Bundles";
				OTHER_CFLAGS = "";
				OTHER_LDFLAGS = (
					"-framework",
					Foundation,
					"-framework",
					AppKit,
				);
				OTHER_REZFLAGS = "";
				PRODUCT_NAME = SRContrast;
				SECTORDER_FLAGS = "";
				SKIP_INSTALL = NO;
				UNSTRIPPED_PRODUCT = YES;
				WARNING_CFLAGS = (
					"-Wmost",
					"-Wno-four-char-constants",
					"-Wno-unknown-pragmas",
				);
				WRAPPER_EXTENSION = plugin;
				ZERO_LINK = NO;
			};
			name = Development;
		};
		69B8D0EB088DAADA002FCFD4 /* Deployment */ = {
			isa = XCBuildConfiguration;
			buildSettings = {
				FRAMEWORK_SEARCH_PATHS = (
					/Documents/Lablib/Frameworks/Lablib/build,
					/Documents/Lablib/Frameworks/LablibITC18/build,
					"$(SRCROOT)/../../Frameworks/Lablib/build/Development",
					"$(SRCROOT)/../../Frameworks/LablibITC18/build/Development",
					/Documents/Lablib/Frameworks/Lablib/build/Development,
				);
				GCC_GENERATE_DEBUGGING_SYMBOLS = NO;
				GCC_PRECOMPILE_PREFIX_HEADER = YES;
				GCC_PREFIX_HEADER = SRContrast_Prefix.h;
				INFOPLIST_FILE = Info.plist;
				INSTALL_PATH = "$(USER_LIBRARY_DIR)/Bundles";
				OTHER_CFLAGS = "";
				OTHER_LDFLAGS = (
					"-framework",
					Foundation,
					"-framework",
					AppKit,
				);
				OTHER_REZFLAGS = "";
				PRODUCT_NAME = SRContrast;
				SECTORDER_FLAGS = "";
				WARNING_CFLAGS = (
					"-Wmost",
					"-Wno-four-char-constants",
					"-Wno-unknown-pragmas",
				);
				WRAPPER_EXTENSION = plugin;
			};
			name = Deployment;
		};
		69B8D0EC088DAADA002FCFD4 /* Default */ = {
			isa = XCBuildConfiguration;
			buildSettings = {
				FRAMEWORK_SEARCH_PATHS = (
					/Documents/Lablib/Frameworks/Lablib/build,
					/Documents/Lablib/Frameworks/LablibITC18/build,
					"$(SRCROOT)/../../Frameworks/Lablib/build/Development",
					"$(SRCROOT)/../../Frameworks/LablibITC18/build/Development",
					/Documents/Lablib/Frameworks/Lablib/build/Development,
				);
				GCC_PRECOMPILE_PREFIX_HEADER = YES;
				GCC_PREFIX_HEADER = SRContrast_Prefix.h;
				INFOPLIST_FILE = Info.plist;
				INSTALL_PATH = "$(USER_LIBRARY_DIR)/Bundles";
				OTHER_CFLAGS = "";
				OTHER_LDFLAGS = (
					"-framework",
					Foundation,
					"-framework",
					AppKit,
				);
				OTHER_REZFLAGS = "";
				PRODUCT_NAME = SRContrast;
				SECTORDER_FLAGS = "";
				WARNING_CFLAGS = (
					"-Wmost",
					"-Wno-four-char-constants",
					"-Wno-unknown-pragmas",
				);
				WRAPPER_EXTENSION = plugin;
			};
			name = Default;
		};
		69B8D0EE088DAADA002FCFD4 /* Development */ = {
			isa = XCBuildConfiguration;
			buildSettings = {
				FRAMEWORK_SEARCH_PATHS = (
					/Documents/Lablib/Frameworks/Lablib/build/Development,
					/Documents/Lablib/Frameworks/LablibITC18/build/Development,
				);
				GCC_FAST_OBJC_DISPATCH = NO;
			};
			name = Development;
		};
		69B8D0EF088DAADA002FCFD4 /* Deployment */ = {
			isa = XCBuildConfiguration;
			buildSettings = {
			};
			name = Deployment;
		};
		69B8D0F0088DAADA002FCFD4 /* Default */ = {
			isa = XCBuildConfiguration;
			buildSettings = {
			};
			name = Default;
		};
/* End XCBuildConfiguration section */

/* Begin XCConfigurationList section */
		69B8D0E9088DAADA002FCFD4 /* Build configuration list for PBXNativeTarget "SRContrast" */ = {
			isa = XCConfigurationList;
			buildConfigurations = (
				69B8D0EA088DAADA002FCFD4 /* Development */,
				69B8D0EB088DAADA002FCFD4 /* Deployment */,
				69B8D0EC088DAADA002FCFD4 /* Default */,
			);
			defaultConfigurationIsVisible = 0;
			defaultConfigurationName = Default;
		};
		69B8D0ED088DAADA002FCFD4 /* Build configuration list for PBXProject "SRContrast" */ = {
			isa = XCConfigurationList;
			buildConfigurations = (
				69B8D0EE088DAADA002FCFD4 /* Development */,
				69B8D0EF088DAADA002FCFD4 /* Deployment */,
				69B8D0F0088DAADA002FCFD4 /* Default */,
			);
			defaultConfigurationIsVisible = 0;
			defaultConfigurationName = Default;
		};
/* End XCConfigurationList section */
	};
	rootObject = 29B97313FDCFA39411CA2CEA /* Project object */;
}
